# THIS IS AN AUTOGENERATED FILE. DO NOT EDIT THIS FILE DIRECTLY.
# yarn lockfile v1


"@hapi/address@^4.0.1":
  version "4.1.0"
  resolved "https://registry.yarnpkg.com/@hapi/address/-/address-4.1.0.tgz#d60c5c0d930e77456fdcde2598e77302e2955e1d"
  integrity sha512-SkszZf13HVgGmChdHo/PxchnSaCJ6cetVqLzyciudzZRT0jcOouIF/Q93mgjw8cce+D+4F4C1Z/WrfFN+O3VHQ==
  dependencies:
    "@hapi/hoek" "^9.0.0"

"@hapi/formula@^2.0.0":
  version "2.0.0"
  resolved "https://registry.yarnpkg.com/@hapi/formula/-/formula-2.0.0.tgz#edade0619ed58c8e4f164f233cda70211e787128"
  integrity sha512-V87P8fv7PI0LH7LiVi8Lkf3x+KCO7pQozXRssAHNXXL9L1K+uyu4XypLXwxqVDKgyQai6qj3/KteNlrqDx4W5A==

"@hapi/hoek@^9.0.0":
  version "9.3.0"
  resolved "https://registry.yarnpkg.com/@hapi/hoek/-/hoek-9.3.0.tgz#8368869dcb735be2e7f5cb7647de78e167a251fb"
  integrity sha512-/c6rf4UJlmHlC9b5BaNvzAcFv7HZ2QHaV0D4/HNlBdvFnvQq8RI4kYdhyPCl7Xj+oWvTWQ8ujhqS53LIgAe6KQ==

"@hapi/pinpoint@^2.0.0":
  version "2.0.1"
  resolved "https://registry.yarnpkg.com/@hapi/pinpoint/-/pinpoint-2.0.1.tgz#32077e715655fc00ab8df74b6b416114287d6513"
  integrity sha512-EKQmr16tM8s16vTT3cA5L0kZZcTMU5DUOZTuvpnY738m+jyP3JIUj+Mm1xc1rsLkGBQ/gVnfKYPwOmPg1tUR4Q==

"@hapi/topo@^5.0.0":
  version "5.1.0"
  resolved "https://registry.yarnpkg.com/@hapi/topo/-/topo-5.1.0.tgz#dc448e332c6c6e37a4dc02fd84ba8d44b9afb012"
  integrity sha512-foQZKJig7Ob0BMAYBfcJk8d77QtOe7Wo4ox7ff1lQYoNNAb6jwcY1ncdoy2e9wQZzvNy7ODZCYJkK8kzmcAnAg==
  dependencies:
    "@hapi/hoek" "^9.0.0"

accepts@~1.3.3:
  version "1.3.8"
  resolved "https://registry.yarnpkg.com/accepts/-/accepts-1.3.8.tgz#0bf0be125b67014adcb0b0921e62db7bffe16b2e"
  integrity sha512-PYAthTa2m2VKxuvSD3DPC/Gy+U+sOA1LAuT8mkmRuvw+NACSaeXEQ+NHcVF7rONl6qcaxV3Uuemwawk+7+SJLw==
  dependencies:
    mime-types "~2.1.34"
    negotiator "0.6.3"

array-flatten@1.1.1:
  version "1.1.1"
  resolved "https://registry.yarnpkg.com/array-flatten/-/array-flatten-1.1.1.tgz#9a5f699051b1e7073328f2a008968b64ea2955d2"
  integrity sha512-PCVAQswWemu6UdxsDFFX/+gVeYqKAod3D3UVm91jHwynguOwAvYPhx8nNlM++NqRcK6CxxpUafjmhIdKiHibqg==

async@~1.0.0:
  version "1.0.0"
  resolved "https://registry.yarnpkg.com/async/-/async-1.0.0.tgz#f8fc04ca3a13784ade9e1641af98578cfbd647a9"

boom@5.1.0:
  version "5.1.0"
  resolved "https://registry.yarnpkg.com/boom/-/boom-5.1.0.tgz#0308fa8e924cd6d42d9c3bf4883bdc98f0e71df8"
  integrity sha512-ElcDFUk0r8YO/pvI5mHLRkM1AGnvUi+0dtV5CN3t23caaYn1QUtdnqUg/G9jEs0Yn4ykktAVBYGuF5bBPfG3pw==
  dependencies:
    hoek "4.x.x"

cli-table@0.3.1:
  version "0.3.1"
  resolved "https://registry.yarnpkg.com/cli-table/-/cli-table-0.3.1.tgz#f53b05266a8b1a0b934b3d0821e6e2dc5914ae23"
  dependencies:
    colors "1.0.3"

colors@1.0.3, colors@1.0.x:
  version "1.0.3"
  resolved "https://registry.yarnpkg.com/colors/-/colors-1.0.3.tgz#0433f44d809680fdeb60ed260f1b0c262e82a40b"

content-disposition@0.5.2:
  version "0.5.2"
  resolved "https://registry.yarnpkg.com/content-disposition/-/content-disposition-0.5.2.tgz#0cf68bb9ddf5f2be7961c3a85178cb85dba78cb4"
  integrity sha512-kRGRZw3bLlFISDBgwTSA1TMBFN6J6GWDeubmDE3AF+3+yXL8hTWv8r5rkLbqYXY4RjPk/EzHnClI3zQf1cFmHA==

content-type@~1.0.2:
  version "1.0.5"
  resolved "https://registry.yarnpkg.com/content-type/-/content-type-1.0.5.tgz#8b773162656d1d1086784c8f23a54ce6d73d7918"
  integrity sha512-nTjqfcBFEipKdXCv4YDQWCfmcLZKm81ldF0pAopTvyrFGVbcR6P/VAAd5G7N+0tTr8QqiU0tFadD6FK4NtJwOA==

cookie-signature@1.0.6:
  version "1.0.6"
  resolved "https://registry.yarnpkg.com/cookie-signature/-/cookie-signature-1.0.6.tgz#e303a882b342cc3ee8ca513a79999734dab3ae2c"
  integrity sha512-QADzlaHc8icV8I7vbaJXJwod9HWYp8uCqf1xa4OfNu1T7JVxQIrUgOWtHdNDtPiywmFbiS12VjotIXLrKM3orQ==

cookie@0.3.1:
  version "0.3.1"
  resolved "https://registry.yarnpkg.com/cookie/-/cookie-0.3.1.tgz#e7e0a1f9ef43b4c8ba925c5c5a96e806d16873bb"
  integrity sha512-+IJOX0OqlHCszo2mBUq+SrEbCj6w7Kpffqx60zYbPTFaO4+yYgRjHwcZNpWvaTylDHaV7PPmBHzSecZiMhtPgw==

cycle@1.0.x:
  version "1.0.3"
  resolved "https://registry.yarnpkg.com/cycle/-/cycle-1.0.3.tgz#21e80b2be8580f98b468f379430662b046c34ad2"

debug@2.6.7:
  version "2.6.7"
  resolved "https://registry.yarnpkg.com/debug/-/debug-2.6.7.tgz#92bad1f6d05bbb6bba22cca88bcd0ec894c2861e"
  integrity sha512-7YoSmTDGnXYkFJOvaYXfxcvNE25Y11uZ0X8Mo+pSXjHz/9WUlbCS4O6q+wj7lhubdNQQXxxsSOnlqlDG8SenXQ==
  dependencies:
    ms "2.0.0"

debug@2.6.9:
  version "2.6.9"
  resolved "https://registry.yarnpkg.com/debug/-/debug-2.6.9.tgz#5d128515df134ff327e90a4c93f4e077a536341f"
  integrity sha512-bC7ElrdJaJnPbAP+1EotYvqZsb3ecl5wi6Bfi6BJTUcNowp6cvspg0jXznRTKDjm/E7AdgFBVeAPVMNcKGsHMA==
  dependencies:
    ms "2.0.0"

depd@~1.1.0, depd@~1.1.2:
  version "1.1.2"
  resolved "https://registry.yarnpkg.com/depd/-/depd-1.1.2.tgz#9bcd52e14c097763e749b274c4346ed2e560b5a9"
  integrity sha512-7emPTl6Dpo6JRXOXjLRxck+FlLRX5847cLKEn00PLAgc3g2hTZZgr+e4c2v6QpSmLeFP3n5yUo7ft6avBK/5jQ==

destroy@~1.0.4:
  version "1.0.4"
  resolved "https://registry.yarnpkg.com/destroy/-/destroy-1.0.4.tgz#978857442c44749e4206613e37946205826abd80"
  integrity sha512-3NdhDuEXnfun/z7x9GOElY49LoqVHoGScmOKwmxhsS8N5Y+Z8KyPPDnaSzqWgYt/ji4mqwfTS34Htrk0zPIXVg==

ee-first@1.1.1:
  version "1.1.1"
  resolved "https://registry.yarnpkg.com/ee-first/-/ee-first-1.1.1.tgz#590c61156b0ae2f4f0255732a158b266bc56b21d"
  integrity sha512-WMwm9LhRUo+WUaRN+vRuETqG89IgZphVSNkdFgeb6sS/E4OrDIN7t48CAewSHXc6C8lefD8KKfr5vY61brQlow==

encodeurl@~1.0.1:
  version "1.0.2"
  resolved "https://registry.yarnpkg.com/encodeurl/-/encodeurl-1.0.2.tgz#ad3ff4c86ec2d029322f5a02c3a9a606c95b3f59"
  integrity sha512-TPJXq8JqFaVYm2CWmPvnP2Iyo4ZSM7/QKcSmuMLDObfpH5fi7RUGmd/rTDf+rut/saiDiQEeVTNgAmJEdAOx0w==

escape-html@~1.0.3:
  version "1.0.3"
  resolved "https://registry.yarnpkg.com/escape-html/-/escape-html-1.0.3.tgz#0258eae4d3d0c0974de1c169188ef0051d1d1988"
  integrity sha512-NiSupZ4OeuGwr68lGIeym/ksIZMJodUGOSCZ/FSnTxcrekbvqrgdUxlJOMpijaKZVjAJrWrGs/6Jy8OMuyj9ow==

etag@~1.8.0:
  version "1.8.1"
  resolved "https://registry.yarnpkg.com/etag/-/etag-1.8.1.tgz#41ae2eeb65efa62268aebfea83ac7d79299b0887"
  integrity sha512-aIL5Fx7mawVa300al2BnEE4iNvo1qETxLrPI/o05L7z6go7fCw1J6EQmbK4FmJ2AS7kgVF/KEZWufBfdClMcPg==

express@4.15.3:
  version "4.15.3"
  resolved "https://registry.yarnpkg.com/express/-/express-4.15.3.tgz#bab65d0f03aa80c358408972fc700f916944b662"
  integrity sha512-eyQPXY6coAN6NpdZhXZsAvoGSvWZtYq1S6YCBA86+RTwzzecvLvgPR/Jm+MR0otFUzLnmI/lfv79aoIMDpWW8w==
  dependencies:
    accepts "~1.3.3"
    array-flatten "1.1.1"
    content-disposition "0.5.2"
    content-type "~1.0.2"
    cookie "0.3.1"
    cookie-signature "1.0.6"
    debug "2.6.7"
    depd "~1.1.0"
    encodeurl "~1.0.1"
    escape-html "~1.0.3"
    etag "~1.8.0"
    finalhandler "~1.0.3"
    fresh "0.5.0"
    merge-descriptors "1.0.1"
    methods "~1.1.2"
    on-finished "~2.3.0"
    parseurl "~1.3.1"
    path-to-regexp "0.1.7"
    proxy-addr "~1.1.4"
    qs "6.4.0"
    range-parser "~1.2.0"
    send "0.15.3"
    serve-static "1.12.3"
    setprototypeof "1.0.3"
    statuses "~1.3.1"
    type-is "~1.6.15"
    utils-merge "1.0.0"
    vary "~1.1.1"

eyes@0.1.x:
  version "0.1.8"
  resolved "https://registry.yarnpkg.com/eyes/-/eyes-0.1.8.tgz#62cf120234c683785d902348a800ef3e0cc20bc0"

finalhandler@~1.0.3:
  version "1.0.6"
  resolved "https://registry.yarnpkg.com/finalhandler/-/finalhandler-1.0.6.tgz#007aea33d1a4d3e42017f624848ad58d212f814f"
  integrity sha512-immlyyYCPWG2tajlYBhZ6cjLAv1QAclU8tKS0d27ZtPqm/+iddy16GT3xLExg+V4lIETLpPwaYQAlZHNE//dPA==
  dependencies:
    debug "2.6.9"
    encodeurl "~1.0.1"
    escape-html "~1.0.3"
    on-finished "~2.3.0"
    parseurl "~1.3.2"
    statuses "~1.3.1"
    unpipe "~1.0.0"

forwarded@~0.1.0:
  version "0.1.2"
  resolved "https://registry.yarnpkg.com/forwarded/-/forwarded-0.1.2.tgz#98c23dab1175657b8c0573e8ceccd91b0ff18c84"
  integrity sha512-Ua9xNhH0b8pwE3yRbFfXJvfdWF0UHNCdeyb2sbi9Ul/M+r3PTdrz7Cv4SCfZRMjmzEM9PhraqfZFbGTIg3OMyA==

fresh@0.5.0:
  version "0.5.0"
  resolved "https://registry.yarnpkg.com/fresh/-/fresh-0.5.0.tgz#f474ca5e6a9246d6fd8e0953cfa9b9c805afa78e"
  integrity sha512-FveevZlqNSIBombLEB9L3WyWg74r6d0sk+unzqKmt33b5egY0YXDFWIQ/t2Fzr9mgBLL0BlL0/rdg8Oq1C0SVw==

hoek@4.x.x:
  version "4.1.1"
  resolved "https://registry.yarnpkg.com/hoek/-/hoek-4.1.1.tgz#9cc573ffba2b7b408fb5e9c2a13796be94cddce9"

http-errors@~1.6.1:
  version "1.6.3"
  resolved "https://registry.yarnpkg.com/http-errors/-/http-errors-1.6.3.tgz#8b55680bb4be283a0b5bf4ea2e38580be1d9320d"
  integrity sha512-lks+lVC8dgGyh97jxvxeYTWQFvh4uw4yC12gVl63Cg30sjPX4wuGcdkICVXDAESr6OJGjqGA8Iz5mkeN6zlD7A==
  dependencies:
    depd "~1.1.2"
    inherits "2.0.3"
    setprototypeof "1.1.0"
    statuses ">= 1.4.0 < 2"

inherits@2.0.3:
  version "2.0.3"
  resolved "https://registry.yarnpkg.com/inherits/-/inherits-2.0.3.tgz#633c2c83e3da42a502f52466022480f4208261de"
  integrity sha512-x00IRNXNy63jwGkJmzPigoySHbaqpNuzKbBOmzK+g2OdZpQ9w+sxCN+VSB3ja7IAge2OP2qpfxTjeNcyjmW1uw==

ipaddr.js@1.4.0:
  version "1.4.0"
  resolved "https://registry.yarnpkg.com/ipaddr.js/-/ipaddr.js-1.4.0.tgz#296aca878a821816e5b85d0a285a99bcff4582f0"
  integrity sha512-RbrsPoo4IkisyHhS9VDa3ybxnu0wOo0uTAhaELmwxq244p18X7Dk0fQoJvh/QTkIUO296fbjgvMqK3ry84eVVA==

isemail@2.x.x:
  version "2.2.1"
  resolved "https://registry.yarnpkg.com/isemail/-/isemail-2.2.1.tgz#0353d3d9a62951080c262c2aa0a42b8ea8e9e2a6"

isstream@0.1.x:
  version "0.1.2"
  resolved "https://registry.yarnpkg.com/isstream/-/isstream-0.1.2.tgz#47e63f7af55afa6f92e1500e690eb8b8529c099a"

items@2.x.x:
  version "2.1.1"
  resolved "https://registry.yarnpkg.com/items/-/items-2.1.1.tgz#8bd16d9c83b19529de5aea321acaada78364a198"

joi@10.5.1:
  version "10.5.1"
  resolved "https://registry.yarnpkg.com/joi/-/joi-10.5.1.tgz#22c608d106c1f7fe18c6f1bf38a228fdf2daab7f"
  dependencies:
    hoek "4.x.x"
    isemail "2.x.x"
    items "2.x.x"
    topo "2.x.x"

joi@17.1.1:
  version "17.1.1"
  resolved "https://registry.yarnpkg.com/joi/-/joi-17.1.1.tgz#b7339e8a509510a04ce9cdeccb35a6e188080287"
  integrity sha512-fww3Ae9cRyj6yHy90cpxvL2y39V5JCY2KaXV3KfALhoFfFcAuyQBPOq+2q6EZ2QNMn1FhkDy+eRkGVG7J+BvyA==
  dependencies:
    "@hapi/address" "^4.0.1"
    "@hapi/formula" "^2.0.0"
    "@hapi/hoek" "^9.0.0"
    "@hapi/pinpoint" "^2.0.0"
    "@hapi/topo" "^5.0.0"

lodash@4.17.4:
  version "4.17.4"
  resolved "https://registry.yarnpkg.com/lodash/-/lodash-4.17.4.tgz#78203a4d1c328ae1d86dca6460e369b57f4055ae"
  integrity sha512-6X37Sq9KCpLSXEh8uM12AKYlviHPNNk4RxiGBn4cmKGJinbXBneWIV7iE/nXkM928O7ytHcHb6+X6Svl0f4hXg==

makeen@^1.4.5:
  version "1.4.5"
  resolved "https://registry.yarnpkg.com/makeen/-/makeen-1.4.5.tgz#eb5b35dcd492a3b2d7da8668f32a077d5a942fc2"
  integrity sha512-cBig5904eCkPYNgGem8R7njOhWmkXW1rYJP+UQCOnkbRTYhfAbgl9TvF21zC0aBeEpGPlh9+ketr8Grjchwijw==
  dependencies:
    boom "5.1.0"
    express "4.15.3"
    joi "10.5.1"
    lodash "4.17.4"
    merge-descriptors "1.0.1"

media-typer@0.3.0:
  version "0.3.0"
  resolved "https://registry.yarnpkg.com/media-typer/-/media-typer-0.3.0.tgz#8710d7af0aa626f8fffa1ce00168545263255748"
  integrity sha512-dq+qelQ9akHpcOl/gUVRTxVIOkAJ1wR3QAvb4RsVjS8oVoFjDGTc679wJYmUmknUF5HwMLOgb5O+a3KxfWapPQ==

merge-descriptors@1.0.1:
  version "1.0.1"
  resolved "https://registry.yarnpkg.com/merge-descriptors/-/merge-descriptors-1.0.1.tgz#b00aaa556dd8b44568150ec9d1b953f3f90cbb61"
  integrity sha512-cCi6g3/Zr1iqQi6ySbseM1Xvooa98N0w31jzUYrXPX2xqObmFGHJ0tQ5u74H3mVh7wLouTseZyYIq39g8cNp1w==

methods@~1.1.2:
  version "1.1.2"
  resolved "https://registry.yarnpkg.com/methods/-/methods-1.1.2.tgz#5529a4d67654134edcc5266656835b0f851afcee"
  integrity sha512-iclAHeNqNm68zFtnZ0e+1L2yUIdvzNoauKU4WBA3VvH/vPFieF7qfRlwUZU+DA9P9bPXIS90ulxoUoCH23sV2w==

mime-db@1.52.0:
  version "1.52.0"
  resolved "https://registry.yarnpkg.com/mime-db/-/mime-db-1.52.0.tgz#bbabcdc02859f4987301c856e3387ce5ec43bf70"
  integrity sha512-sPU4uV7dYlvtWJxwwxHD0PuihVNiE7TyAbQ5SWxDCB9mUYvOgroQOwYQQOKPJ8CIbE+1ETVlOoK1UC2nU3gYvg==

mime-types@~2.1.24, mime-types@~2.1.34:
  version "2.1.35"
  resolved "https://registry.yarnpkg.com/mime-types/-/mime-types-2.1.35.tgz#381a871b62a734450660ae3deee44813f70d959a"
  integrity sha512-ZDY+bPm5zTTF+YpCrAU9nK0UgICYPT0QtT1NZWFv4s++TNkcgVaT0g6+4R2uI4MjQjzysHB1zxuWL50hzaeXiw==
  dependencies:
    mime-db "1.52.0"

mime@1.3.4:
  version "1.3.4"
  resolved "https://registry.yarnpkg.com/mime/-/mime-1.3.4.tgz#115f9e3b6b3daf2959983cb38f149a2d40eb5d53"
  integrity sha512-sAaYXszED5ALBt665F0wMQCUXpGuZsGdopoqcHPdL39ZYdi7uHoZlhrfZfhv8WzivhBzr/oXwaj+yiK5wY8MXQ==

ms@2.0.0:
  version "2.0.0"
  resolved "https://registry.yarnpkg.com/ms/-/ms-2.0.0.tgz#5608aeadfc00be6c2901df5f9861788de0d597c8"
  integrity sha512-Tpp60P6IUJDTuOq/5Z8cdskzJujfwqfOTkrwIwj7IRISpnkJnT6SyJ4PCPnGMoFjC9ddhal5KVIYtAt97ix05A==

negotiator@0.6.3:
  version "0.6.3"
  resolved "https://registry.yarnpkg.com/negotiator/-/negotiator-0.6.3.tgz#58e323a72fedc0d6f9cd4d31fe49f51479590ccd"
  integrity sha512-+EUsqGPLsM+j/zdChZjsnX51g4XrHFOIXwfnCVPGlQk/k5giakcKsuxCObBRu6DSm9opw/O6slWbJdghQM4bBg==

on-finished@~2.3.0:
  version "2.3.0"
  resolved "https://registry.yarnpkg.com/on-finished/-/on-finished-2.3.0.tgz#20f1336481b083cd75337992a16971aa2d906947"
  integrity sha512-ikqdkGAAyf/X/gPhXGvfgAytDZtDbr+bkNUJ0N9h5MI/dmdgCs3l6hoHrcUv41sRKew3jIwrp4qQDXiK99Utww==
  dependencies:
    ee-first "1.1.1"

parseurl@~1.3.1, parseurl@~1.3.2:
  version "1.3.3"
  resolved "https://registry.yarnpkg.com/parseurl/-/parseurl-1.3.3.tgz#9da19e7bee8d12dff0513ed5b76957793bc2e8d4"
  integrity sha512-CiyeOxFT/JZyN5m0z9PfXw4SCBJ6Sygz1Dpl0wqjlhDEGGBP1GnsUVEL0p63hoG1fcj3fHynXi9NYO4nWOL+qQ==

path-to-regexp@0.1.7:
  version "0.1.7"
  resolved "https://registry.yarnpkg.com/path-to-regexp/-/path-to-regexp-0.1.7.tgz#df604178005f522f15eb4490e7247a1bfaa67f8c"
  integrity sha512-5DFkuoqlv1uYQKxy8omFBeJPQcdoE07Kv2sferDCrAq1ohOU+MSDswDIbnx3YAM60qIOnYa53wBhXW0EbMonrQ==

proxy-addr@~1.1.4:
  version "1.1.5"
  resolved "https://registry.yarnpkg.com/proxy-addr/-/proxy-addr-1.1.5.tgz#71c0ee3b102de3f202f3b64f608d173fcba1a918"
  integrity sha512-av1MQ5vwTiMICwU75KSf/vJ6a+AXP0MtP+aYBqm2RFlire7BP6sWlfOLc8+6wIQrywycqSpJWm5zNkYFkRARWA==
  dependencies:
    forwarded "~0.1.0"
    ipaddr.js "1.4.0"

qs@6.4.0:
  version "6.4.0"
  resolved "https://registry.yarnpkg.com/qs/-/qs-6.4.0.tgz#13e26d28ad6b0ffaa91312cd3bf708ed351e7233"
  integrity sha512-Qs6dfgR5OksK/PSxl1kGxiZgEQe8RqJMB9wZqVlKQfU+zzV+HY77pWJnoJENACKDQByWdpr8ZPIh1TBi4lpiSQ==

range-parser@~1.2.0:
  version "1.2.1"
  resolved "https://registry.yarnpkg.com/range-parser/-/range-parser-1.2.1.tgz#3cf37023d199e1c24d1a55b84800c2f3e6468031"
  integrity sha512-Hrgsx+orqoygnmhFbKaHE6c296J+HTAQXoxEF6gNupROmmGJRoyzfG3ccAveqCBrwr/2yxQ5BVd/GTl5agOwSg==

send@0.15.3:
  version "0.15.3"
  resolved "https://registry.yarnpkg.com/send/-/send-0.15.3.tgz#5013f9f99023df50d1bd9892c19e3defd1d53309"
  integrity sha512-w21BXI1HgOfW8PQmKAU7yQJJmTPaXN3zwsAnRXkawmSC+W+pUeAE0rgt3dO5bM+ia3Gy8CDekD1FE/ZZMtlewQ==
  dependencies:
    debug "2.6.7"
    depd "~1.1.0"
    destroy "~1.0.4"
    encodeurl "~1.0.1"
    escape-html "~1.0.3"
    etag "~1.8.0"
    fresh "0.5.0"
    http-errors "~1.6.1"
    mime "1.3.4"
    ms "2.0.0"
    on-finished "~2.3.0"
    range-parser "~1.2.0"
    statuses "~1.3.1"

serve-static@1.12.3:
  version "1.12.3"
  resolved "https://registry.yarnpkg.com/serve-static/-/serve-static-1.12.3.tgz#9f4ba19e2f3030c547f8af99107838ec38d5b1e2"
  integrity sha512-M83Sy74z4RJdcXeZUvNjuv/AtjE/38BNYR8h8mgCC8w32QA6hcQx9Efr/YIlmqIDnxNkS1/fcxNJJtK+g9O+QQ==
  dependencies:
    encodeurl "~1.0.1"
    escape-html "~1.0.3"
    parseurl "~1.3.1"
    send "0.15.3"

setprototypeof@1.0.3:
  version "1.0.3"
  resolved "https://registry.yarnpkg.com/setprototypeof/-/setprototypeof-1.0.3.tgz#66567e37043eeb4f04d91bd658c0cbefb55b8e04"
  integrity sha512-9jphSf3UbIgpOX/RKvX02iw/rN2TKdusnsPpGfO/rkcsrd+IRqgHZb4VGnmL0Cynps8Nj2hN45wsi30BzrHDIw==

setprototypeof@1.1.0:
  version "1.1.0"
  resolved "https://registry.yarnpkg.com/setprototypeof/-/setprototypeof-1.1.0.tgz#d0bd85536887b6fe7c0d818cb962d9d91c54e656"
  integrity sha512-BvE/TwpZX4FXExxOxZyRGQQv651MSwmWKZGqvmPcRIjDqWub67kTKuIMx43cZZrS/cBBzwBcNDWoFxt2XEFIpQ==

stack-trace@0.0.x:
  version "0.0.10"
  resolved "https://registry.yarnpkg.com/stack-trace/-/stack-trace-0.0.10.tgz#547c70b347e8d32b4e108ea1a2a159e5fdde19c0"

"statuses@>= 1.4.0 < 2":
  version "1.5.0"
  resolved "https://registry.yarnpkg.com/statuses/-/statuses-1.5.0.tgz#161c7dac177659fd9811f43771fa99381478628c"
  integrity sha512-OpZ3zP+jT1PI7I8nemJX4AKmAX070ZkYPVWV/AaKTJl+tXCTGyVdC1a4SL8RUQYEwk/f34ZX8UTykN68FwrqAA==

statuses@~1.3.1:
  version "1.3.1"
  resolved "https://registry.yarnpkg.com/statuses/-/statuses-1.3.1.tgz#faf51b9eb74aaef3b3acf4ad5f61abf24cb7b93e"
  integrity sha512-wuTCPGlJONk/a1kqZ4fQM2+908lC7fa7nPYpTC1EhnvqLX/IICbeP1OZGDtA374trpSq68YubKUMo8oRhN46yg==

topo@2.x.x:
  version "2.0.2"
  resolved "https://registry.yarnpkg.com/topo/-/topo-2.0.2.tgz#cd5615752539057c0dc0491a621c3bc6fbe1d182"
  dependencies:
    hoek "4.x.x"

type-is@~1.6.15:
  version "1.6.18"
  resolved "https://registry.yarnpkg.com/type-is/-/type-is-1.6.18.tgz#4e552cd05df09467dcbc4ef739de89f2cf37c131"
  integrity sha512-TkRKr9sUTxEH8MdfuCSP7VizJyzRNMjj2J2do2Jr3Kym598JVdEksuzPQCnlFPW4ky9Q+iA+ma9BGm06XQBy8g==
  dependencies:
    media-typer "0.3.0"
    mime-types "~2.1.24"

unpipe@~1.0.0:
  version "1.0.0"
  resolved "https://registry.yarnpkg.com/unpipe/-/unpipe-1.0.0.tgz#b2bf4ee8514aae6165b4817829d21b2ef49904ec"
  integrity sha512-pjy2bYhSsufwWlKwPc+l3cN7+wuJlK6uz0YdJEOlQDbl6jo/YlPi4mb8agUkVC8BF7V8NuzeyPNqRksA3hztKQ==

utils-merge@1.0.0:
  version "1.0.0"
  resolved "https://registry.yarnpkg.com/utils-merge/-/utils-merge-1.0.0.tgz#0294fb922bb9375153541c4f7096231f287c8af8"
  integrity sha512-HwU9SLQEtyo+0uoKXd1nkLqigUWLB+QuNQR4OcmB73eWqksM5ovuqcycks2x043W8XVb75rG1HQ0h93TMXkzQQ==

vary@~1.1.1:
  version "1.1.2"
  resolved "https://registry.yarnpkg.com/vary/-/vary-1.1.2.tgz#2299f02c6ded30d4a5961b0b9f74524a18f634fc"
  integrity sha512-BNGbWLfd0eUPabhkXUVm0j8uuvREyTh5ovRa/dyow/BqAbZJyC+5fU+IzQOzmAKzYqYRAISoRhdQr3eIZ/PXqg==

winston@2.3.1:
  version "2.3.1"
  resolved "https://registry.yarnpkg.com/winston/-/winston-2.3.1.tgz#0b48420d978c01804cf0230b648861598225a119"
  dependencies:
    async "~1.0.0"
    colors "1.0.x"
    cycle "1.0.x"
    eyes "0.1.x"
    isstream "0.1.x"
    stack-trace "0.0.x"
